<?xml version="1.0" encoding="UTF-8" standalone="yes" ?>
<CodeBlocks_project_file>
	<FileVersion major="1" minor="6" />
	<Project>
		<Option title="projekt" />
		<Option pch_mode="2" />
		<Option compiler="gcc" />
		<Build>
			<Target title="Debug">
				<Option output="bin/Debug/projekt" prefix_auto="1" extension_auto="1" />
				<Option working_dir="C:/Users/User/Desktop/opengl/MinGW GLUT/bin" />
				<Option object_output="obj/Debug/" />
				<Option type="1" />
				<Option compiler="gcc" />
				<Compiler>
					<Add option="-g" />
					<Add directory="include" />
				</Compiler>
			</Target>
			<Target title="Release">
				<Option output="bin/Release/projekt" prefix_auto="1" extension_auto="1" />
				<Option working_dir="C:/Users/User/Desktop/opengl/MinGW GLUT/bin" />
				<Option object_output="obj/Release/" />
				<Option type="0" />
				<Option compiler="gcc" />
				<Compiler>
					<Add option="-O2" />
					<Add directory="include" />
				</Compiler>
				<Linker>
					<Add option="-s" />
				</Linker>
			</Target>
		</Build>
		<Compiler>
			<Add option="-Wall" />
			<Add directory="C:/Users/User/Desktop/opengl/MinGW GLUT/include" />
		</Compiler>
		<Linker>
			<Add library="freeglut" />
			<Add library="opengl32" />
			<Add library="glu32" />
			<Add library="winmm" />
			<Add library="gdi32" />
			<Add library="libboost_thread-mgw6-mt-d-x32-1_78.a" />
			<Add library="libboost_thread-mgw6-mt-x32-1_78.a" />
			<Add directory="C:/Users/User/Desktop/opengl/MinGW GLUT/lib" />
		</Linker>
		<Unit filename="include/BasicDrawFunctions.hpp" />
		<Unit filename="include/GenerateTable.hpp" />
		<Unit filename="include/PresetLoader.hpp" />
		<Unit filename="include/Sort.h" />
		<Unit filename="include/SortThread.hpp" />
		<Unit filename="include/simpleini/ConvertUTF.h" />
		<Unit filename="include/simpleini/SimpleIni.h" />
		<Unit filename="include/tinyfiledialog/tinyfiledialogs.h" />
		<Unit filename="main.cpp" />
		<Unit filename="src/BasicDrawFunctions.cpp" />
		<Unit filename="src/GenerateTable.cpp" />
		<Unit filename="src/PresetLoader.cpp" />
		<Unit filename="src/Sort.cpp" />
		<Unit filename="src/SortThread.cpp" />
		<Unit filename="src/simpleini/ConvertUTF.c">
			<Option compilerVar="CC" />
		</Unit>
		<Unit filename="src/tinyfiledialog/tinyfiledialogs.c">
			<Option compilerVar="CC" />
		</Unit>
		<Extensions>
			<lib_finder disable_auto="1" />
		</Extensions>
	</Project>
</CodeBlocks_project_file>
